
Microsoft Visual Studio Solution File, Format Version 12.00
# Visual Studio Version 16
VisualStudioVersion = 16.0.30114.105
MinimumVisualStudioVersion = 10.0.40219.1
Project("{FAE04EC0-301F-11D3-BF4B-00C04F79EFBC}") = "API", "API\API.csproj", "{8B53C5C3-050B-40FC-90FC-C04BD7AAC343}"
EndProject
Project("{FAE04EC0-301F-11D3-BF4B-00C04F79EFBC}") = "Application", "Application\Application.csproj", "{B859B44D-528F-4F3E-BD8B-6985CBB78E32}"
EndProject
Project("{FAE04EC0-301F-11D3-BF4B-00C04F79EFBC}") = "Domain", "Domain\Domain.csproj", "{BB123DC2-4CEA-44B7-BD74-32D6C7320E39}"
EndProject
Project("{FAE04EC0-301F-11D3-BF4B-00C04F79EFBC}") = "Persistence", "Persistence\Persistence.csproj", "{695A8BEC-6B61-47D9-8481-C85FAB7CF9B9}"
EndProject
Global
	GlobalSection(SolutionConfigurationPlatforms) = preSolution
		Debug|Any CPU = Debug|Any CPU
		Release|Any CPU = Release|Any CPU
	EndGlobalSection
	GlobalSection(SolutionProperties) = preSolution
		HideSolutionNode = FALSE
	EndGlobalSection
	GlobalSection(ProjectConfigurationPlatforms) = postSolution
		{8B53C5C3-050B-40FC-90FC-C04BD7AAC343}.Debug|Any CPU.ActiveCfg = Debug|Any CPU
		{8B53C5C3-050B-40FC-90FC-C04BD7AAC343}.Debug|Any CPU.Build.0 = Debug|Any CPU
		{8B53C5C3-050B-40FC-90FC-C04BD7AAC343}.Release|Any CPU.ActiveCfg = Release|Any CPU
		{8B53C5C3-050B-40FC-90FC-C04BD7AAC343}.Release|Any CPU.Build.0 = Release|Any CPU
		{B859B44D-528F-4F3E-BD8B-6985CBB78E32}.Debug|Any CPU.ActiveCfg = Debug|Any CPU
		{B859B44D-528F-4F3E-BD8B-6985CBB78E32}.Debug|Any CPU.Build.0 = Debug|Any CPU
		{B859B44D-528F-4F3E-BD8B-6985CBB78E32}.Release|Any CPU.ActiveCfg = Release|Any CPU
		{B859B44D-528F-4F3E-BD8B-6985CBB78E32}.Release|Any CPU.Build.0 = Release|Any CPU
		{BB123DC2-4CEA-44B7-BD74-32D6C7320E39}.Debug|Any CPU.ActiveCfg = Debug|Any CPU
		{BB123DC2-4CEA-44B7-BD74-32D6C7320E39}.Debug|Any CPU.Build.0 = Debug|Any CPU
		{BB123DC2-4CEA-44B7-BD74-32D6C7320E39}.Release|Any CPU.ActiveCfg = Release|Any CPU
		{BB123DC2-4CEA-44B7-BD74-32D6C7320E39}.Release|Any CPU.Build.0 = Release|Any CPU
		{695A8BEC-6B61-47D9-8481-C85FAB7CF9B9}.Debug|Any CPU.ActiveCfg = Debug|Any CPU
		{695A8BEC-6B61-47D9-8481-C85FAB7CF9B9}.Debug|Any CPU.Build.0 = Debug|Any CPU
		{695A8BEC-6B61-47D9-8481-C85FAB7CF9B9}.Release|Any CPU.ActiveCfg = Release|Any CPU
		{695A8BEC-6B61-47D9-8481-C85FAB7CF9B9}.Release|Any CPU.Build.0 = Release|Any CPU
	EndGlobalSection
EndGlobal
